PODS:
  - JKImageBrowser (1.0.9):
    - SDWebImage (>= 5.0)
  - SDWebImage (5.6.0):
    - SDWebImage/Core (= 5.6.0)
  - SDWebImage/Core (5.6.0)

DEPENDENCIES:
  - JKImageBrowser (~> 1.0.9)

SPEC REPOS:
  https://github.com/CocoaPods/Specs.git:
    - JKImageBrowser
    - SDWebImage

SPEC CHECKSUMS:
  JKImageBrowser: fc1a3d05ebfef4701228de86a42d42cca15acac4
  SDWebImage: 21b19f56b4226cdfe3aefe4e6848dc43ed129a86

PODFILE CHECKSUM: bc877cbf99f1cff77b80169354a92606b2bac016

COCOAPODS: 1.8.3
